
Microsoft Visual Studio Solution File, Format Version 11.00
# Visual Studio 2010
Project("{FAE04EC0-301F-11D3-BF4B-00C04F79EFBC}") = "Assembly-CSharp", "Assembly-CSharp.csproj", "{f7fccba2-3cd3-777f-c4d4-34727c85c247}"
EndProject
Project("{FAE04EC0-301F-11D3-BF4B-00C04F79EFBC}") = "Assembly-CSharp-Editor", "Assembly-CSharp-Editor.csproj", "{73a14061-63da-740c-64c5-9c82d40ed167}"
EndProject
Global
	GlobalSection(SolutionConfigurationPlatforms) = preSolution
		Debug|Any CPU = Debug|Any CPU
	EndGlobalSection
	GlobalSection(ProjectConfigurationPlatforms) = postSolution
		{f7fccba2-3cd3-777f-c4d4-34727c85c247}.Debug|Any CPU.ActiveCfg = Debug|Any CPU
		{f7fccba2-3cd3-777f-c4d4-34727c85c247}.Debug|Any CPU.Build.0 = Debug|Any CPU
		{73a14061-63da-740c-64c5-9c82d40ed167}.Debug|Any CPU.ActiveCfg = Debug|Any CPU
		{73a14061-63da-740c-64c5-9c82d40ed167}.Debug|Any CPU.Build.0 = Debug|Any CPU
	EndGlobalSection
	GlobalSection(SolutionProperties) = preSolution
		HideSolutionNode = FALSE
	EndGlobalSection
EndGlobal
